// !$*UTF8*$!
{
	archiveVersion = 1;
	classes = {
	};
	objectVersion = 56;
	objects = {

/* Begin PBXBuildFile section */
		6C811FE12B5AAAE800A98174 /* AppDelegate.swift in Sources */ = {isa = PBXBuildFile; fileRef = 6C811FE02B5AAAE800A98174 /* AppDelegate.swift */; };
		6C811FE32B5AAAE800A98174 /* SceneDelegate.swift in Sources */ = {isa = PBXBuildFile; fileRef = 6C811FE22B5AAAE800A98174 /* SceneDelegate.swift */; };
		6C811FE52B5AAAE800A98174 /* MainTabBarViewController.swift in Sources */ = {isa = PBXBuildFile; fileRef = 6C811FE42B5AAAE800A98174 /* MainTabBarViewController.swift */; };
		6C811FEA2B5AAAE900A98174 /* Assets.xcassets in Resources */ = {isa = PBXBuildFile; fileRef = 6C811FE92B5AAAE900A98174 /* Assets.xcassets */; };
		6C811FED2B5AAAE900A98174 /* LaunchScreen.storyboard in Resources */ = {isa = PBXBuildFile; fileRef = 6C811FEB2B5AAAE900A98174 /* LaunchScreen.storyboard */; };
		6C811FFB2B5AAB3F00A98174 /* HomeViewController.swift in Sources */ = {isa = PBXBuildFile; fileRef = 6C811FFA2B5AAB3F00A98174 /* HomeViewController.swift */; };
		6C811FFD2B5AAB5800A98174 /* UpcomingViewController.swift in Sources */ = {isa = PBXBuildFile; fileRef = 6C811FFC2B5AAB5800A98174 /* UpcomingViewController.swift */; };
		6C811FFF2B5AAB6100A98174 /* SearchViewController.swift in Sources */ = {isa = PBXBuildFile; fileRef = 6C811FFE2B5AAB6100A98174 /* SearchViewController.swift */; };
		6C8120012B5AAB6A00A98174 /* DownloadsViewController.swift in Sources */ = {isa = PBXBuildFile; fileRef = 6C8120002B5AAB6A00A98174 /* DownloadsViewController.swift */; };
		6C8120032B5AB36000A98174 /* CollectionViewTableViewCell.swift in Sources */ = {isa = PBXBuildFile; fileRef = 6C8120022B5AB36000A98174 /* CollectionViewTableViewCell.swift */; };
		6CC1668E2B5B05B2002D5666 /* HeroHeaderUIView.swift in Sources */ = {isa = PBXBuildFile; fileRef = 6CC1668D2B5B05B2002D5666 /* HeroHeaderUIView.swift */; };
/* End PBXBuildFile section */

/* Begin PBXFileReference section */
		6C811FDD2B5AAAE800A98174 /* NetflixUIKitClone.app */ = {isa = PBXFileReference; explicitFileType = wrapper.application; includeInIndex = 0; path = NetflixUIKitClone.app; sourceTree = BUILT_PRODUCTS_DIR; };
		6C811FE02B5AAAE800A98174 /* AppDelegate.swift */ = {isa = PBXFileReference; lastKnownFileType = sourcecode.swift; path = AppDelegate.swift; sourceTree = "<group>"; };
		6C811FE22B5AAAE800A98174 /* SceneDelegate.swift */ = {isa = PBXFileReference; lastKnownFileType = sourcecode.swift; path = SceneDelegate.swift; sourceTree = "<group>"; };
		6C811FE42B5AAAE800A98174 /* MainTabBarViewController.swift */ = {isa = PBXFileReference; lastKnownFileType = sourcecode.swift; path = MainTabBarViewController.swift; sourceTree = "<group>"; };
		6C811FE92B5AAAE900A98174 /* Assets.xcassets */ = {isa = PBXFileReference; lastKnownFileType = folder.assetcatalog; path = Assets.xcassets; sourceTree = "<group>"; };
		6C811FEC2B5AAAE900A98174 /* Base */ = {isa = PBXFileReference; lastKnownFileType = file.storyboard; name = Base; path = Base.lproj/LaunchScreen.storyboard; sourceTree = "<group>"; };
		6C811FEE2B5AAAE900A98174 /* Info.plist */ = {isa = PBXFileReference; lastKnownFileType = text.plist.xml; path = Info.plist; sourceTree = "<group>"; };
		6C811FFA2B5AAB3F00A98174 /* HomeViewController.swift */ = {isa = PBXFileReference; lastKnownFileType = sourcecode.swift; path = HomeViewController.swift; sourceTree = "<group>"; };
		6C811FFC2B5AAB5800A98174 /* UpcomingViewController.swift */ = {isa = PBXFileReference; lastKnownFileType = sourcecode.swift; path = UpcomingViewController.swift; sourceTree = "<group>"; };
		6C811FFE2B5AAB6100A98174 /* SearchViewController.swift */ = {isa = PBXFileReference; lastKnownFileType = sourcecode.swift; path = SearchViewController.swift; sourceTree = "<group>"; };
		6C8120002B5AAB6A00A98174 /* DownloadsViewController.swift */ = {isa = PBXFileReference; lastKnownFileType = sourcecode.swift; path = DownloadsViewController.swift; sourceTree = "<group>"; };
		6C8120022B5AB36000A98174 /* CollectionViewTableViewCell.swift */ = {isa = PBXFileReference; lastKnownFileType = sourcecode.swift; path = CollectionViewTableViewCell.swift; sourceTree = "<group>"; };
		6CC1668D2B5B05B2002D5666 /* HeroHeaderUIView.swift */ = {isa = PBXFileReference; lastKnownFileType = sourcecode.swift; path = HeroHeaderUIView.swift; sourceTree = "<group>"; };
/* End PBXFileReference section */

/* Begin PBXFrameworksBuildPhase section */
		6C811FDA2B5AAAE800A98174 /* Frameworks */ = {
			isa = PBXFrameworksBuildPhase;
			buildActionMask = 2147483647;
			files = (
			);
			runOnlyForDeploymentPostprocessing = 0;
		};
/* End PBXFrameworksBuildPhase section */

/* Begin PBXGroup section */
		6C811FD42B5AAAE800A98174 = {
			isa = PBXGroup;
			children = (
				6C811FDF2B5AAAE800A98174 /* NetflixUIKitClone */,
				6C811FDE2B5AAAE800A98174 /* Products */,
			);
			sourceTree = "<group>";
		};
		6C811FDE2B5AAAE800A98174 /* Products */ = {
			isa = PBXGroup;
			children = (
				6C811FDD2B5AAAE800A98174 /* NetflixUIKitClone.app */,
			);
			name = Products;
			sourceTree = "<group>";
		};
		6C811FDF2B5AAAE800A98174 /* NetflixUIKitClone */ = {
			isa = PBXGroup;
			children = (
				6C811FF92B5AAB1D00A98174 /* Controllers */,
				6C811FF82B5AAB1600A98174 /* ViewModels */,
				6C811FF72B5AAB1200A98174 /* Views */,
				6C811FF62B5AAB0D00A98174 /* Models */,
				6C811FF52B5AAB0800A98174 /* Resources */,
				6C811FF42B5AAB0000A98174 /* Managers */,
				6C811FE42B5AAAE800A98174 /* MainTabBarViewController.swift */,
				6C811FEB2B5AAAE900A98174 /* LaunchScreen.storyboard */,
				6C811FEE2B5AAAE900A98174 /* Info.plist */,
			);
			path = NetflixUIKitClone;
			sourceTree = "<group>";
		};
		6C811FF42B5AAB0000A98174 /* Managers */ = {
			isa = PBXGroup;
			children = (
			);
			path = Managers;
			sourceTree = "<group>";
		};
		6C811FF52B5AAB0800A98174 /* Resources */ = {
			isa = PBXGroup;
			children = (
				6C811FE92B5AAAE900A98174 /* Assets.xcassets */,
				6C811FE02B5AAAE800A98174 /* AppDelegate.swift */,
				6C811FE22B5AAAE800A98174 /* SceneDelegate.swift */,
			);
			path = Resources;
			sourceTree = "<group>";
		};
		6C811FF62B5AAB0D00A98174 /* Models */ = {
			isa = PBXGroup;
			children = (
			);
			path = Models;
			sourceTree = "<group>";
		};
		6C811FF72B5AAB1200A98174 /* Views */ = {
			isa = PBXGroup;
			children = (
				6C8120022B5AB36000A98174 /* CollectionViewTableViewCell.swift */,
				6CC1668D2B5B05B2002D5666 /* HeroHeaderUIView.swift */,
			);
			path = Views;
			sourceTree = "<group>";
		};
		6C811FF82B5AAB1600A98174 /* ViewModels */ = {
			isa = PBXGroup;
			children = (
			);
			path = ViewModels;
			sourceTree = "<group>";
		};
		6C811FF92B5AAB1D00A98174 /* Controllers */ = {
			isa = PBXGroup;
			children = (
				6C811FFA2B5AAB3F00A98174 /* HomeViewController.swift */,
				6C811FFC2B5AAB5800A98174 /* UpcomingViewController.swift */,
				6C811FFE2B5AAB6100A98174 /* SearchViewController.swift */,
				6C8120002B5AAB6A00A98174 /* DownloadsViewController.swift */,
			);
			path = Controllers;
			sourceTree = "<group>";
		};
/* End PBXGroup section */

/* Begin PBXNativeTarget section */
		6C811FDC2B5AAAE800A98174 /* NetflixUIKitClone */ = {
			isa = PBXNativeTarget;
			buildConfigurationList = 6C811FF12B5AAAE900A98174 /* Build configuration list for PBXNativeTarget "NetflixUIKitClone" */;
			buildPhases = (
				6C811FD92B5AAAE800A98174 /* Sources */,
				6C811FDA2B5AAAE800A98174 /* Frameworks */,
				6C811FDB2B5AAAE800A98174 /* Resources */,
			);
			buildRules = (
			);
			dependencies = (
			);
			name = NetflixUIKitClone;
			productName = NetflixUIKitClone;
			productReference = 6C811FDD2B5AAAE800A98174 /* NetflixUIKitClone.app */;
			productType = "com.apple.product-type.application";
		};
/* End PBXNativeTarget section */

/* Begin PBXProject section */
		6C811FD52B5AAAE800A98174 /* Project object */ = {
			isa = PBXProject;
			attributes = {
				BuildIndependentTargetsInParallel = 1;
				LastSwiftUpdateCheck = 1500;
				LastUpgradeCheck = 1500;
				TargetAttributes = {
					6C811FDC2B5AAAE800A98174 = {
						CreatedOnToolsVersion = 15.0;
					};
				};
			};
			buildConfigurationList = 6C811FD82B5AAAE800A98174 /* Build configuration list for PBXProject "NetflixUIKitClone" */;
			compatibilityVersion = "Xcode 14.0";
			developmentRegion = en;
			hasScannedForEncodings = 0;
			knownRegions = (
				en,
				Base,
			);
			mainGroup = 6C811FD42B5AAAE800A98174;
			productRefGroup = 6C811FDE2B5AAAE800A98174 /* Products */;
			projectDirPath = "";
			projectRoot = "";
			targets = (
				6C811FDC2B5AAAE800A98174 /* NetflixUIKitClone */,
			);
		};
/* End PBXProject section */

/* Begin PBXResourcesBuildPhase section */
		6C811FDB2B5AAAE800A98174 /* Resources */ = {
			isa = PBXResourcesBuildPhase;
			buildActionMask = 2147483647;
			files = (
				6C811FED2B5AAAE900A98174 /* LaunchScreen.storyboard in Resources */,
				6C811FEA2B5AAAE900A98174 /* Assets.xcassets in Resources */,
			);
			runOnlyForDeploymentPostprocessing = 0;
		};
/* End PBXResourcesBuildPhase section */

/* Begin PBXSourcesBuildPhase section */
		6C811FD92B5AAAE800A98174 /* Sources */ = {
			isa = PBXSourcesBuildPhase;
			buildActionMask = 2147483647;
			files = (
				6C811FFF2B5AAB6100A98174 /* SearchViewController.swift in Sources */,
				6C811FE52B5AAAE800A98174 /* MainTabBarViewController.swift in Sources */,
				6C8120032B5AB36000A98174 /* CollectionViewTableViewCell.swift in Sources */,
				6CC1668E2B5B05B2002D5666 /* HeroHeaderUIView.swift in Sources */,
				6C8120012B5AAB6A00A98174 /* DownloadsViewController.swift in Sources */,
				6C811FE12B5AAAE800A98174 /* AppDelegate.swift in Sources */,
				6C811FE32B5AAAE800A98174 /* SceneDelegate.swift in Sources */,
				6C811FFD2B5AAB5800A98174 /* UpcomingViewController.swift in Sources */,
				6C811FFB2B5AAB3F00A98174 /* HomeViewController.swift in Sources */,
			);
			runOnlyForDeploymentPostprocessing = 0;
		};
/* End PBXSourcesBuildPhase section */

/* Begin PBXVariantGroup section */
		6C811FEB2B5AAAE900A98174 /* LaunchScreen.storyboard */ = {
			isa = PBXVariantGroup;
			children = (
				6C811FEC2B5AAAE900A98174 /* Base */,
			);
			name = LaunchScreen.storyboard;
			sourceTree = "<group>";
		};
/* End PBXVariantGroup section */

/* Begin XCBuildConfiguration section */
		6C811FEF2B5AAAE900A98174 /* Debug */ = {
			isa = XCBuildConfiguration;
			buildSettings = {
				ALWAYS_SEARCH_USER_PATHS = NO;
				ASSETCATALOG_COMPILER_GENERATE_SWIFT_ASSET_SYMBOL_EXTENSIONS = YES;
				CLANG_ANALYZER_NONNULL = YES;
				CLANG_ANALYZER_NUMBER_OBJECT_CONVERSION = YES_AGGRESSIVE;
				CLANG_CXX_LANGUAGE_STANDARD = "gnu++20";
				CLANG_ENABLE_MODULES = YES;
				CLANG_ENABLE_OBJC_ARC = YES;
				CLANG_ENABLE_OBJC_WEAK = YES;
				CLANG_WARN_BLOCK_CAPTURE_AUTORELEASING = YES;
				CLANG_WARN_BOOL_CONVERSION = YES;
				CLANG_WARN_COMMA = YES;
				CLANG_WARN_CONSTANT_CONVERSION = YES;
				CLANG_WARN_DEPRECATED_OBJC_IMPLEMENTATIONS = YES;
				CLANG_WARN_DIRECT_OBJC_ISA_USAGE = YES_ERROR;
				CLANG_WARN_DOCUMENTATION_COMMENTS = YES;
				CLANG_WARN_EMPTY_BODY = YES;
				CLANG_WARN_ENUM_CONVERSION = YES;
				CLANG_WARN_INFINITE_RECURSION = YES;
				CLANG_WARN_INT_CONVERSION = YES;
				CLANG_WARN_NON_LITERAL_NULL_CONVERSION = YES;
				CLANG_WARN_OBJC_IMPLICIT_RETAIN_SELF = YES;
				CLANG_WARN_OBJC_LITERAL_CONVERSION = YES;
				CLANG_WARN_OBJC_ROOT_CLASS = YES_ERROR;
				CLANG_WARN_QUOTED_INCLUDE_IN_FRAMEWORK_HEADER = YES;
				CLANG_WARN_RANGE_LOOP_ANALYSIS = YES;
				CLANG_WARN_STRICT_PROTOTYPES = YES;
				CLANG_WARN_SUSPICIOUS_MOVE = YES;
				CLANG_WARN_UNGUARDED_AVAILABILITY = YES_AGGRESSIVE;
				CLANG_WARN_UNREACHABLE_CODE = YES;
				CLANG_WARN__DUPLICATE_METHOD_MATCH = YES;
				COPY_PHASE_STRIP = NO;
				DEBUG_INFORMATION_FORMAT = dwarf;
				ENABLE_STRICT_OBJC_MSGSEND = YES;
				ENABLE_TESTABILITY = YES;
				ENABLE_USER_SCRIPT_SANDBOXING = YES;
				GCC_C_LANGUAGE_STANDARD = gnu17;
				GCC_DYNAMIC_NO_PIC = NO;
				GCC_NO_COMMON_BLOCKS = YES;
				GCC_OPTIMIZATION_LEVEL = 0;
				GCC_PREPROCESSOR_DEFINITIONS = (
					"DEBUG=1",
					"$(inherited)",
				);
				GCC_WARN_64_TO_32_BIT_CONVERSION = YES;
				GCC_WARN_ABOUT_RETURN_TYPE = YES_ERROR;
				GCC_WARN_UNDECLARED_SELECTOR = YES;
				GCC_WARN_UNINITIALIZED_AUTOS = YES_AGGRESSIVE;
				GCC_WARN_UNUSED_FUNCTION = YES;
				GCC_WARN_UNUSED_VARIABLE = YES;
				IPHONEOS_DEPLOYMENT_TARGET = 17.0;
				LOCALIZATION_PREFERS_STRING_CATALOGS = YES;
				MTL_ENABLE_DEBUG_INFO = INCLUDE_SOURCE;
				MTL_FAST_MATH = YES;
				ONLY_ACTIVE_ARCH = YES;
				SDKROOT = iphoneos;
				SWIFT_ACTIVE_COMPILATION_CONDITIONS = "DEBUG $(inherited)";
				SWIFT_OPTIMIZATION_LEVEL = "-Onone";
			};
			name = Debug;
		};
		6C811FF02B5AAAE900A98174 /* Release */ = {
			isa = XCBuildConfiguration;
			buildSettings = {
				ALWAYS_SEARCH_USER_PATHS = NO;
				ASSETCATALOG_COMPILER_GENERATE_SWIFT_ASSET_SYMBOL_EXTENSIONS = YES;
				CLANG_ANALYZER_NONNULL = YES;
				CLANG_ANALYZER_NUMBER_OBJECT_CONVERSION = YES_AGGRESSIVE;
				CLANG_CXX_LANGUAGE_STANDARD = "gnu++20";
				CLANG_ENABLE_MODULES = YES;
				CLANG_ENABLE_OBJC_ARC = YES;
				CLANG_ENABLE_OBJC_WEAK = YES;
				CLANG_WARN_BLOCK_CAPTURE_AUTORELEASING = YES;
				CLANG_WARN_BOOL_CONVERSION = YES;
				CLANG_WARN_COMMA = YES;
				CLANG_WARN_CONSTANT_CONVERSION = YES;
				CLANG_WARN_DEPRECATED_OBJC_IMPLEMENTATIONS = YES;
				CLANG_WARN_DIRECT_OBJC_ISA_USAGE = YES_ERROR;
				CLANG_WARN_DOCUMENTATION_COMMENTS = YES;
				CLANG_WARN_EMPTY_BODY = YES;
				CLANG_WARN_ENUM_CONVERSION = YES;
				CLANG_WARN_INFINITE_RECURSION = YES;
				CLANG_WARN_INT_CONVERSION = YES;
				CLANG_WARN_NON_LITERAL_NULL_CONVERSION = YES;
				CLANG_WARN_OBJC_IMPLICIT_RETAIN_SELF = YES;
				CLANG_WARN_OBJC_LITERAL_CONVERSION = YES;
				CLANG_WARN_OBJC_ROOT_CLASS = YES_ERROR;
				CLANG_WARN_QUOTED_INCLUDE_IN_FRAMEWORK_HEADER = YES;
				CLANG_WARN_RANGE_LOOP_ANALYSIS = YES;
				CLANG_WARN_STRICT_PROTOTYPES = YES;
				CLANG_WARN_SUSPICIOUS_MOVE = YES;
				CLANG_WARN_UNGUARDED_AVAILABILITY = YES_AGGRESSIVE;
				CLANG_WARN_UNREACHABLE_CODE = YES;
				CLANG_WARN__DUPLICATE_METHOD_MATCH = YES;
				COPY_PHASE_STRIP = NO;
				DEBUG_INFORMATION_FORMAT = "dwarf-with-dsym";
				ENABLE_NS_ASSERTIONS = NO;
				ENABLE_STRICT_OBJC_MSGSEND = YES;
				ENABLE_USER_SCRIPT_SANDBOXING = YES;
				GCC_C_LANGUAGE_STANDARD = gnu17;
				GCC_NO_COMMON_BLOCKS = YES;
				GCC_WARN_64_TO_32_BIT_CONVERSION = YES;
				GCC_WARN_ABOUT_RETURN_TYPE = YES_ERROR;
				GCC_WARN_UNDECLARED_SELECTOR = YES;
				GCC_WARN_UNINITIALIZED_AUTOS = YES_AGGRESSIVE;
				GCC_WARN_UNUSED_FUNCTION = YES;
				GCC_WARN_UNUSED_VARIABLE = YES;
				IPHONEOS_DEPLOYMENT_TARGET = 17.0;
				LOCALIZATION_PREFERS_STRING_CATALOGS = YES;
				MTL_ENABLE_DEBUG_INFO = NO;
				MTL_FAST_MATH = YES;
				SDKROOT = iphoneos;
				SWIFT_COMPILATION_MODE = wholemodule;
				VALIDATE_PRODUCT = YES;
			};
			name = Release;
		};
		6C811FF22B5AAAE900A98174 /* Debug */ = {
			isa = XCBuildConfiguration;
			buildSettings = {
				ASSETCATALOG_COMPILER_APPICON_NAME = AppIcon;
				ASSETCATALOG_COMPILER_GLOBAL_ACCENT_COLOR_NAME = AccentColor;
				CODE_SIGN_STYLE = Automatic;
				CURRENT_PROJECT_VERSION = 1;
				DEVELOPMENT_TEAM = KC9Z5ZJF65;
				GENERATE_INFOPLIST_FILE = YES;
				INFOPLIST_FILE = NetflixUIKitClone/Info.plist;
				INFOPLIST_KEY_UIApplicationSupportsIndirectInputEvents = YES;
				INFOPLIST_KEY_UILaunchStoryboardName = LaunchScreen;
				INFOPLIST_KEY_UIMainStoryboardFile = "";
				INFOPLIST_KEY_UISupportedInterfaceOrientations_iPad = "UIInterfaceOrientationPortrait UIInterfaceOrientationPortraitUpsideDown UIInterfaceOrientationLandscapeLeft UIInterfaceOrientationLandscapeRight";
				INFOPLIST_KEY_UISupportedInterfaceOrientations_iPhone = "UIInterfaceOrientationPortrait UIInterfaceOrientationLandscapeLeft UIInterfaceOrientationLandscapeRight";
				LD_RUNPATH_SEARCH_PATHS = (
					"$(inherited)",
					"@executable_path/Frameworks",
				);
				MARKETING_VERSION = 1.0;
				PRODUCT_BUNDLE_IDENTIFIER = com.404ibra.NetflixUIKitClone;
				PRODUCT_NAME = "$(TARGET_NAME)";
				SWIFT_EMIT_LOC_STRINGS = YES;
				SWIFT_VERSION = 5.0;
				TARGETED_DEVICE_FAMILY = "1,2";
			};
			name = Debug;
		};
		6C811FF32B5AAAE900A98174 /* Release */ = {
			isa = XCBuildConfiguration;
			buildSettings = {
				ASSETCATALOG_COMPILER_APPICON_NAME = AppIcon;
				ASSETCATALOG_COMPILER_GLOBAL_ACCENT_COLOR_NAME = AccentColor;
				CODE_SIGN_STYLE = Automatic;
				CURRENT_PROJECT_VERSION = 1;
				DEVELOPMENT_TEAM = KC9Z5ZJF65;
				GENERATE_INFOPLIST_FILE = YES;
				INFOPLIST_FILE = NetflixUIKitClone/Info.plist;
				INFOPLIST_KEY_UIApplicationSupportsIndirectInputEvents = YES;
				INFOPLIST_KEY_UILaunchStoryboardName = LaunchScreen;
				INFOPLIST_KEY_UIMainStoryboardFile = "";
				INFOPLIST_KEY_UISupportedInterfaceOrientations_iPad = "UIInterfaceOrientationPortrait UIInterfaceOrientationPortraitUpsideDown UIInterfaceOrientationLandscapeLeft UIInterfaceOrientationLandscapeRight";
				INFOPLIST_KEY_UISupportedInterfaceOrientations_iPhone = "UIInterfaceOrientationPortrait UIInterfaceOrientationLandscapeLeft UIInterfaceOrientationLandscapeRight";
				LD_RUNPATH_SEARCH_PATHS = (
					"$(inherited)",
					"@executable_path/Frameworks",
				);
				MARKETING_VERSION = 1.0;
				PRODUCT_BUNDLE_IDENTIFIER = com.404ibra.NetflixUIKitClone;
				PRODUCT_NAME = "$(TARGET_NAME)";
				SWIFT_EMIT_LOC_STRINGS = YES;
				SWIFT_VERSION = 5.0;
				TARGETED_DEVICE_FAMILY = "1,2";
			};
			name = Release;
		};
/* End XCBuildConfiguration section */

/* Begin XCConfigurationList section */
		6C811FD82B5AAAE800A98174 /* Build configuration list for PBXProject "NetflixUIKitClone" */ = {
			isa = XCConfigurationList;
			buildConfigurations = (
				6C811FEF2B5AAAE900A98174 /* Debug */,
				6C811FF02B5AAAE900A98174 /* Release */,
			);
			defaultConfigurationIsVisible = 0;
			defaultConfigurationName = Release;
		};
		6C811FF12B5AAAE900A98174 /* Build configuration list for PBXNativeTarget "NetflixUIKitClone" */ = {
			isa = XCConfigurationList;
			buildConfigurations = (
				6C811FF22B5AAAE900A98174 /* Debug */,
				6C811FF32B5AAAE900A98174 /* Release */,
			);
			defaultConfigurationIsVisible = 0;
			defaultConfigurationName = Release;
		};
/* End XCConfigurationList section */
	};
	rootObject = 6C811FD52B5AAAE800A98174 /* Project object */;
}
